
Microsoft Visual Studio Solution File, Format Version 12.00
# Visual Studio Version 17
VisualStudioVersion = 17.14.36518.9 d17.14
MinimumVisualStudioVersion = 10.0.40219.1
Project("{2150E333-8FDC-42A3-9474-1A3956D46DE8}") = "Task0", "Task0", "{02EA681E-C7D8-13C7-8484-4AC65E1B71E8}"
EndProject
Project("{FAE04EC0-301F-11D3-BF4B-00C04F79EFBC}") = "Tyuiu.MamatkulovFO.Sprint1.Task0.V15", "Tyuiu.MamatkulovFO.Sprint1.Task0.V15\Tyuiu.MamatkulovFO.Sprint1.Task0.V15.csproj", "{E8230804-B30B-4DDD-86AB-1F7B32E39A0B}"
EndProject
Project("{FAE04EC0-301F-11D3-BF4B-00C04F79EFBC}") = "Tyuiu.MamatkulovFO.Sprint1.Task0.V15.Lib", "Tyuiu.MamatkulovFO.Sprint1.Task0.V15.Lib\Tyuiu.MamatkulovFO.Sprint1.Task0.V15.Lib.csproj", "{7CCE89EF-81A9-4714-BC17-95D85FB8BFF6}"
EndProject
Project("{FAE04EC0-301F-11D3-BF4B-00C04F79EFBC}") = "Tyuiu.MamatkulovFO.Sprint1.Task0.V15.Test", "Tyuiu.MamatkulovFO.Sprint1.Task0.V15.Test\Tyuiu.MamatkulovFO.Sprint1.Task0.V15.Test.csproj", "{65DB05F3-67E4-4945-BA9A-4C7342FBA773}"
EndProject
Project("{2150E333-8FDC-42A3-9474-1A3956D46DE8}") = "Task1", "Task1", "{048817A3-F8DB-4E7A-8530-76320A53799A}"
EndProject
Project("{FAE04EC0-301F-11D3-BF4B-00C04F79EFBC}") = "Tyuiu.MamatkulovFO.Sprint1.Task1.V5", "Tyuiu.MamatkulovFO.Sprint1.Task1.V5\Tyuiu.MamatkulovFO.Sprint1.Task1.V5.csproj", "{E481AE74-828F-453E-9F25-A68F97714FB3}"
EndProject
Project("{FAE04EC0-301F-11D3-BF4B-00C04F79EFBC}") = "Tyuiu.MamatkulovFO.Sprint1.Task1.V5.Test", "Tyuiu.MamatkulovFO.Sprint1.Task1.V5.Test\Tyuiu.MamatkulovFO.Sprint1.Task1.V5.Test.csproj", "{7FB77D23-7FF7-43F8-8859-6F5201CDCF75}"
EndProject
Project("{FAE04EC0-301F-11D3-BF4B-00C04F79EFBC}") = "Tyuiu.MamatkulovFO.Sprint1.Task1.V5.Lib", "Tyuiu.MamatkulovFO.Sprint1.Task1.V5.Lib\Tyuiu.MamatkulovFO.Sprint1.Task1.V5.Lib.csproj", "{47E19A0D-D1B7-40FB-A523-162C7FE4647A}"
EndProject
Global
	GlobalSection(SolutionConfigurationPlatforms) = preSolution
		Debug|Any CPU = Debug|Any CPU
		Release|Any CPU = Release|Any CPU
	EndGlobalSection
	GlobalSection(ProjectConfigurationPlatforms) = postSolution
		{E8230804-B30B-4DDD-86AB-1F7B32E39A0B}.Debug|Any CPU.ActiveCfg = Debug|Any CPU
		{E8230804-B30B-4DDD-86AB-1F7B32E39A0B}.Debug|Any CPU.Build.0 = Debug|Any CPU
		{E8230804-B30B-4DDD-86AB-1F7B32E39A0B}.Release|Any CPU.ActiveCfg = Release|Any CPU
		{E8230804-B30B-4DDD-86AB-1F7B32E39A0B}.Release|Any CPU.Build.0 = Release|Any CPU
		{7CCE89EF-81A9-4714-BC17-95D85FB8BFF6}.Debug|Any CPU.ActiveCfg = Debug|Any CPU
		{7CCE89EF-81A9-4714-BC17-95D85FB8BFF6}.Debug|Any CPU.Build.0 = Debug|Any CPU
		{7CCE89EF-81A9-4714-BC17-95D85FB8BFF6}.Release|Any CPU.ActiveCfg = Release|Any CPU
		{7CCE89EF-81A9-4714-BC17-95D85FB8BFF6}.Release|Any CPU.Build.0 = Release|Any CPU
		{65DB05F3-67E4-4945-BA9A-4C7342FBA773}.Debug|Any CPU.ActiveCfg = Debug|Any CPU
		{65DB05F3-67E4-4945-BA9A-4C7342FBA773}.Debug|Any CPU.Build.0 = Debug|Any CPU
		{65DB05F3-67E4-4945-BA9A-4C7342FBA773}.Release|Any CPU.ActiveCfg = Release|Any CPU
		{65DB05F3-67E4-4945-BA9A-4C7342FBA773}.Release|Any CPU.Build.0 = Release|Any CPU
		{E481AE74-828F-453E-9F25-A68F97714FB3}.Debug|Any CPU.ActiveCfg = Debug|Any CPU
		{E481AE74-828F-453E-9F25-A68F97714FB3}.Debug|Any CPU.Build.0 = Debug|Any CPU
		{E481AE74-828F-453E-9F25-A68F97714FB3}.Release|Any CPU.ActiveCfg = Release|Any CPU
		{E481AE74-828F-453E-9F25-A68F97714FB3}.Release|Any CPU.Build.0 = Release|Any CPU
		{7FB77D23-7FF7-43F8-8859-6F5201CDCF75}.Debug|Any CPU.ActiveCfg = Debug|Any CPU
		{7FB77D23-7FF7-43F8-8859-6F5201CDCF75}.Debug|Any CPU.Build.0 = Debug|Any CPU
		{7FB77D23-7FF7-43F8-8859-6F5201CDCF75}.Release|Any CPU.ActiveCfg = Release|Any CPU
		{7FB77D23-7FF7-43F8-8859-6F5201CDCF75}.Release|Any CPU.Build.0 = Release|Any CPU
		{47E19A0D-D1B7-40FB-A523-162C7FE4647A}.Debug|Any CPU.ActiveCfg = Debug|Any CPU
		{47E19A0D-D1B7-40FB-A523-162C7FE4647A}.Debug|Any CPU.Build.0 = Debug|Any CPU
		{47E19A0D-D1B7-40FB-A523-162C7FE4647A}.Release|Any CPU.ActiveCfg = Release|Any CPU
		{47E19A0D-D1B7-40FB-A523-162C7FE4647A}.Release|Any CPU.Build.0 = Release|Any CPU
	EndGlobalSection
	GlobalSection(SolutionProperties) = preSolution
		HideSolutionNode = FALSE
	EndGlobalSection
	GlobalSection(NestedProjects) = preSolution
		{E8230804-B30B-4DDD-86AB-1F7B32E39A0B} = {02EA681E-C7D8-13C7-8484-4AC65E1B71E8}
		{7CCE89EF-81A9-4714-BC17-95D85FB8BFF6} = {02EA681E-C7D8-13C7-8484-4AC65E1B71E8}
		{65DB05F3-67E4-4945-BA9A-4C7342FBA773} = {02EA681E-C7D8-13C7-8484-4AC65E1B71E8}
		{E481AE74-828F-453E-9F25-A68F97714FB3} = {048817A3-F8DB-4E7A-8530-76320A53799A}
		{7FB77D23-7FF7-43F8-8859-6F5201CDCF75} = {048817A3-F8DB-4E7A-8530-76320A53799A}
		{47E19A0D-D1B7-40FB-A523-162C7FE4647A} = {048817A3-F8DB-4E7A-8530-76320A53799A}
	EndGlobalSection
	GlobalSection(ExtensibilityGlobals) = postSolution
		SolutionGuid = {6AAD8F39-D0C9-4C1F-B52B-C5F38CA4F184}
	EndGlobalSection
EndGlobal
