
Microsoft Visual Studio Solution File, Format Version 12.00
# Visual Studio Version 17
VisualStudioVersion = 17.14.36518.9
MinimumVisualStudioVersion = 10.0.40219.1
Project("{2150E333-8FDC-42A3-9474-1A3956D46DE8}") = "Task0", "Task0", "{02EA681E-C7D8-13C7-8484-4AC65E1B71E8}"
EndProject
Project("{FAE04EC0-301F-11D3-BF4B-00C04F79EFBC}") = "Tyuiu.MamatkulovFO.Sprint1.Task0.V15", "Tyuiu.MamatkulovFO.Sprint1.Task0.V15\Tyuiu.MamatkulovFO.Sprint1.Task0.V15.csproj", "{E8230804-B30B-4DDD-86AB-1F7B32E39A0B}"
EndProject
Project("{FAE04EC0-301F-11D3-BF4B-00C04F79EFBC}") = "Tyuiu.MamatkulovFO.Sprint1.Task0.V15.Lib", "Tyuiu.MamatkulovFO.Sprint1.Task0.V15.Lib\Tyuiu.MamatkulovFO.Sprint1.Task0.V15.Lib.csproj", "{7CCE89EF-81A9-4714-BC17-95D85FB8BFF6}"
EndProject
Project("{FAE04EC0-301F-11D3-BF4B-00C04F79EFBC}") = "Tyuiu.MamatkulovFO.Sprint1.Task0.V15.Test", "Tyuiu.MamatkulovFO.Sprint1.Task0.V15.Test\Tyuiu.MamatkulovFO.Sprint1.Task0.V15.Test.csproj", "{65DB05F3-67E4-4945-BA9A-4C7342FBA773}"
EndProject
Project("{2150E333-8FDC-42A3-9474-1A3956D46DE8}") = "Task1", "Task1", "{048817A3-F8DB-4E7A-8530-76320A53799A}"
EndProject
Project("{FAE04EC0-301F-11D3-BF4B-00C04F79EFBC}") = "Tyuiu.MamatkulovFO.Sprint1.Task1.V5", "Tyuiu.MamatkulovFO.Sprint1.Task1.V5\Tyuiu.MamatkulovFO.Sprint1.Task1.V5.csproj", "{E481AE74-828F-453E-9F25-A68F97714FB3}"
EndProject
Project("{FAE04EC0-301F-11D3-BF4B-00C04F79EFBC}") = "Tyuiu.MamatkulovFO.Sprint1.Task1.V5.Test", "Tyuiu.MamatkulovFO.Sprint1.Task1.V5.Test\Tyuiu.MamatkulovFO.Sprint1.Task1.V5.Test.csproj", "{7FB77D23-7FF7-43F8-8859-6F5201CDCF75}"
EndProject
Project("{FAE04EC0-301F-11D3-BF4B-00C04F79EFBC}") = "Tyuiu.MamatkulovFO.Sprint1.Task1.V5.Lib", "Tyuiu.MamatkulovFO.Sprint1.Task1.V5.Lib\Tyuiu.MamatkulovFO.Sprint1.Task1.V5.Lib.csproj", "{47E19A0D-D1B7-40FB-A523-162C7FE4647A}"
EndProject
Project("{2150E333-8FDC-42A3-9474-1A3956D46DE8}") = "Task2", "Task2", "{1F6F9E8D-A968-41A1-90C1-7D0F73AF14F0}"
EndProject
Project("{FAE04EC0-301F-11D3-BF4B-00C04F79EFBC}") = "Tyuiu.MamatkulovFO.Sprint1.Task2.V17", "Tyuiu.MamatkulovFO.Sprint1.Task0.V17\Tyuiu.MamatkulovFO.Sprint1.Task2.V17.csproj", "{02D89441-972D-4C12-9CD7-BBE13FBA0DBB}"
EndProject
Project("{FAE04EC0-301F-11D3-BF4B-00C04F79EFBC}") = "Tyuiu.MamatkulovFO.Sprint1.Task2.V17.Test", "Tyuiu.MamatkulovFO.Sprint1.Task2.V17.Test\Tyuiu.MamatkulovFO.Sprint1.Task2.V17.Test.csproj", "{A8867747-274B-40FF-AC67-B82F398442AA}"
EndProject
Project("{FAE04EC0-301F-11D3-BF4B-00C04F79EFBC}") = "Tyuiu.MamatkulovFO.Sprint1.Task2.V17.Lib", "Tyuiu.MamatkulovFO.Sprint1.Task2.V17.Lib\Tyuiu.MamatkulovFO.Sprint1.Task2.V17.Lib.csproj", "{019F1B97-7437-4572-B3C1-B1592CEAB65A}"
EndProject
Project("{2150E333-8FDC-42A3-9474-1A3956D46DE8}") = "Task3", "Task3", "{C44CC9EE-7DE0-4A3C-9FD0-E41DE88380A8}"
EndProject
Project("{FAE04EC0-301F-11D3-BF4B-00C04F79EFBC}") = "Tyuiu.MamatkulovFO.Sprint1.Task3.V11", "Tyuiu.MamatkulovFO.Sprint1.Task3.V11\Tyuiu.MamatkulovFO.Sprint1.Task3.V11.csproj", "{316078BE-4405-4B13-8760-4CBE6052EB98}"
EndProject
Project("{FAE04EC0-301F-11D3-BF4B-00C04F79EFBC}") = "Tyuiu.MamatkulovFO.Sprint1.Task3.V11.Lib", "Tyuiu.MamatkulovFO.Sprint1.Task3.V11.Lib\Tyuiu.MamatkulovFO.Sprint1.Task3.V11.Lib.csproj", "{E3456518-387C-4DCC-8264-214E5904C3E9}"
EndProject
Project("{FAE04EC0-301F-11D3-BF4B-00C04F79EFBC}") = "Tyuiu.MamatkulovFO.Sprint1.Task3.V11.Test", "Tyuiu.MamatkulovFO.Sprint1.Task3.V11.Test\Tyuiu.MamatkulovFO.Sprint1.Task3.V11.Test.csproj", "{B55A7E38-697C-4E00-94B8-8E7DB5DB371B}"
EndProject
Project("{2150E333-8FDC-42A3-9474-1A3956D46DE8}") = "Task4", "Task4", "{E216B33E-5297-46AF-9F1A-8A90EAD52D4B}"
EndProject
Project("{FAE04EC0-301F-11D3-BF4B-00C04F79EFBC}") = "Tyuiu.MamatkulovFO.Sprint1.Task4.V28", "Tyuiu.MamatkulovFO.Sprint1.Task4.V28\Tyuiu.MamatkulovFO.Sprint1.Task4.V28.csproj", "{0E155B08-C592-4DEA-A689-D90D8EC450E8}"
EndProject
Project("{FAE04EC0-301F-11D3-BF4B-00C04F79EFBC}") = "Tyuiu.MamatkulovFO.Sprint1.Task4.V28.Lib", "Tyuiu.MamatkulovFO.Sprint1.Task4.V28.Lib\Tyuiu.MamatkulovFO.Sprint1.Task4.V28.Lib.csproj", "{36C83832-AFFA-4715-B930-D39AAC136C00}"
EndProject
Project("{FAE04EC0-301F-11D3-BF4B-00C04F79EFBC}") = "Tyuiu.MamatkulovFO.Sprint1.Task4.V28.Test", "Tyuiu.MamatkulovFO.Sprint1.Task4.V28.Test\Tyuiu.MamatkulovFO.Sprint1.Task4.V28.Test.csproj", "{0A69FE61-DCEB-4E09-AA5B-75BBD0DE2B9F}"
EndProject
Project("{2150E333-8FDC-42A3-9474-1A3956D46DE8}") = "Task5", "Task5", "{312E2DD2-5EB4-4FAE-AAA5-26C1BC749FD7}"
EndProject
Project("{FAE04EC0-301F-11D3-BF4B-00C04F79EFBC}") = "Tyuiu.MamatkulovFO.Sprint1.Task5.V7", "Tyuiu.MamatkulovFO.Sprint1.Task5.V7\Tyuiu.MamatkulovFO.Sprint1.Task5.V7.csproj", "{2E007ABB-0961-4406-B2CB-A33DF7402E23}"
EndProject
Project("{FAE04EC0-301F-11D3-BF4B-00C04F79EFBC}") = "Tyuiu.MamatkulovFO.Sprint1.Task5.V7.Lib", "Tyuiu.MamatkulovFO.Sprint1.Task5.V7.Lib\Tyuiu.MamatkulovFO.Sprint1.Task5.V7.Lib.csproj", "{CCE8F0EE-08EF-4869-8728-20FB33E87BA1}"
EndProject
Project("{FAE04EC0-301F-11D3-BF4B-00C04F79EFBC}") = "Tyuiu.MamatkulovFO.Sprint1.Task5.V7.Test", "Tyuiu.MamatkulovFO.Sprint1.Task5.V7.Test\Tyuiu.MamatkulovFO.Sprint1.Task5.V7.Test.csproj", "{04ADDD2F-3BDF-4658-9DD9-02DF44E63FC5}"
EndProject
Global
	GlobalSection(SolutionConfigurationPlatforms) = preSolution
		Debug|Any CPU = Debug|Any CPU
		Release|Any CPU = Release|Any CPU
	EndGlobalSection
	GlobalSection(ProjectConfigurationPlatforms) = postSolution
		{E8230804-B30B-4DDD-86AB-1F7B32E39A0B}.Debug|Any CPU.ActiveCfg = Debug|Any CPU
		{E8230804-B30B-4DDD-86AB-1F7B32E39A0B}.Debug|Any CPU.Build.0 = Debug|Any CPU
		{E8230804-B30B-4DDD-86AB-1F7B32E39A0B}.Release|Any CPU.ActiveCfg = Release|Any CPU
		{E8230804-B30B-4DDD-86AB-1F7B32E39A0B}.Release|Any CPU.Build.0 = Release|Any CPU
		{7CCE89EF-81A9-4714-BC17-95D85FB8BFF6}.Debug|Any CPU.ActiveCfg = Debug|Any CPU
		{7CCE89EF-81A9-4714-BC17-95D85FB8BFF6}.Debug|Any CPU.Build.0 = Debug|Any CPU
		{7CCE89EF-81A9-4714-BC17-95D85FB8BFF6}.Release|Any CPU.ActiveCfg = Release|Any CPU
		{7CCE89EF-81A9-4714-BC17-95D85FB8BFF6}.Release|Any CPU.Build.0 = Release|Any CPU
		{65DB05F3-67E4-4945-BA9A-4C7342FBA773}.Debug|Any CPU.ActiveCfg = Debug|Any CPU
		{65DB05F3-67E4-4945-BA9A-4C7342FBA773}.Debug|Any CPU.Build.0 = Debug|Any CPU
		{65DB05F3-67E4-4945-BA9A-4C7342FBA773}.Release|Any CPU.ActiveCfg = Release|Any CPU
		{65DB05F3-67E4-4945-BA9A-4C7342FBA773}.Release|Any CPU.Build.0 = Release|Any CPU
		{E481AE74-828F-453E-9F25-A68F97714FB3}.Debug|Any CPU.ActiveCfg = Debug|Any CPU
		{E481AE74-828F-453E-9F25-A68F97714FB3}.Debug|Any CPU.Build.0 = Debug|Any CPU
		{E481AE74-828F-453E-9F25-A68F97714FB3}.Release|Any CPU.ActiveCfg = Release|Any CPU
		{E481AE74-828F-453E-9F25-A68F97714FB3}.Release|Any CPU.Build.0 = Release|Any CPU
		{7FB77D23-7FF7-43F8-8859-6F5201CDCF75}.Debug|Any CPU.ActiveCfg = Debug|Any CPU
		{7FB77D23-7FF7-43F8-8859-6F5201CDCF75}.Debug|Any CPU.Build.0 = Debug|Any CPU
		{7FB77D23-7FF7-43F8-8859-6F5201CDCF75}.Release|Any CPU.ActiveCfg = Release|Any CPU
		{7FB77D23-7FF7-43F8-8859-6F5201CDCF75}.Release|Any CPU.Build.0 = Release|Any CPU
		{47E19A0D-D1B7-40FB-A523-162C7FE4647A}.Debug|Any CPU.ActiveCfg = Debug|Any CPU
		{47E19A0D-D1B7-40FB-A523-162C7FE4647A}.Debug|Any CPU.Build.0 = Debug|Any CPU
		{47E19A0D-D1B7-40FB-A523-162C7FE4647A}.Release|Any CPU.ActiveCfg = Release|Any CPU
		{47E19A0D-D1B7-40FB-A523-162C7FE4647A}.Release|Any CPU.Build.0 = Release|Any CPU
		{02D89441-972D-4C12-9CD7-BBE13FBA0DBB}.Debug|Any CPU.ActiveCfg = Debug|Any CPU
		{02D89441-972D-4C12-9CD7-BBE13FBA0DBB}.Debug|Any CPU.Build.0 = Debug|Any CPU
		{02D89441-972D-4C12-9CD7-BBE13FBA0DBB}.Release|Any CPU.ActiveCfg = Release|Any CPU
		{02D89441-972D-4C12-9CD7-BBE13FBA0DBB}.Release|Any CPU.Build.0 = Release|Any CPU
		{A8867747-274B-40FF-AC67-B82F398442AA}.Debug|Any CPU.ActiveCfg = Debug|Any CPU
		{A8867747-274B-40FF-AC67-B82F398442AA}.Debug|Any CPU.Build.0 = Debug|Any CPU
		{A8867747-274B-40FF-AC67-B82F398442AA}.Release|Any CPU.ActiveCfg = Release|Any CPU
		{A8867747-274B-40FF-AC67-B82F398442AA}.Release|Any CPU.Build.0 = Release|Any CPU
		{019F1B97-7437-4572-B3C1-B1592CEAB65A}.Debug|Any CPU.ActiveCfg = Debug|Any CPU
		{019F1B97-7437-4572-B3C1-B1592CEAB65A}.Debug|Any CPU.Build.0 = Debug|Any CPU
		{019F1B97-7437-4572-B3C1-B1592CEAB65A}.Release|Any CPU.ActiveCfg = Release|Any CPU
		{019F1B97-7437-4572-B3C1-B1592CEAB65A}.Release|Any CPU.Build.0 = Release|Any CPU
		{316078BE-4405-4B13-8760-4CBE6052EB98}.Debug|Any CPU.ActiveCfg = Debug|Any CPU
		{316078BE-4405-4B13-8760-4CBE6052EB98}.Debug|Any CPU.Build.0 = Debug|Any CPU
		{316078BE-4405-4B13-8760-4CBE6052EB98}.Release|Any CPU.ActiveCfg = Release|Any CPU
		{316078BE-4405-4B13-8760-4CBE6052EB98}.Release|Any CPU.Build.0 = Release|Any CPU
		{E3456518-387C-4DCC-8264-214E5904C3E9}.Debug|Any CPU.ActiveCfg = Debug|Any CPU
		{E3456518-387C-4DCC-8264-214E5904C3E9}.Debug|Any CPU.Build.0 = Debug|Any CPU
		{E3456518-387C-4DCC-8264-214E5904C3E9}.Release|Any CPU.ActiveCfg = Release|Any CPU
		{E3456518-387C-4DCC-8264-214E5904C3E9}.Release|Any CPU.Build.0 = Release|Any CPU
		{B55A7E38-697C-4E00-94B8-8E7DB5DB371B}.Debug|Any CPU.ActiveCfg = Debug|Any CPU
		{B55A7E38-697C-4E00-94B8-8E7DB5DB371B}.Debug|Any CPU.Build.0 = Debug|Any CPU
		{B55A7E38-697C-4E00-94B8-8E7DB5DB371B}.Release|Any CPU.ActiveCfg = Release|Any CPU
		{B55A7E38-697C-4E00-94B8-8E7DB5DB371B}.Release|Any CPU.Build.0 = Release|Any CPU
		{0E155B08-C592-4DEA-A689-D90D8EC450E8}.Debug|Any CPU.ActiveCfg = Debug|Any CPU
		{0E155B08-C592-4DEA-A689-D90D8EC450E8}.Debug|Any CPU.Build.0 = Debug|Any CPU
		{0E155B08-C592-4DEA-A689-D90D8EC450E8}.Release|Any CPU.ActiveCfg = Release|Any CPU
		{0E155B08-C592-4DEA-A689-D90D8EC450E8}.Release|Any CPU.Build.0 = Release|Any CPU
		{36C83832-AFFA-4715-B930-D39AAC136C00}.Debug|Any CPU.ActiveCfg = Debug|Any CPU
		{36C83832-AFFA-4715-B930-D39AAC136C00}.Debug|Any CPU.Build.0 = Debug|Any CPU
		{36C83832-AFFA-4715-B930-D39AAC136C00}.Release|Any CPU.ActiveCfg = Release|Any CPU
		{36C83832-AFFA-4715-B930-D39AAC136C00}.Release|Any CPU.Build.0 = Release|Any CPU
		{0A69FE61-DCEB-4E09-AA5B-75BBD0DE2B9F}.Debug|Any CPU.ActiveCfg = Debug|Any CPU
		{0A69FE61-DCEB-4E09-AA5B-75BBD0DE2B9F}.Debug|Any CPU.Build.0 = Debug|Any CPU
		{0A69FE61-DCEB-4E09-AA5B-75BBD0DE2B9F}.Release|Any CPU.ActiveCfg = Release|Any CPU
		{0A69FE61-DCEB-4E09-AA5B-75BBD0DE2B9F}.Release|Any CPU.Build.0 = Release|Any CPU
		{2E007ABB-0961-4406-B2CB-A33DF7402E23}.Debug|Any CPU.ActiveCfg = Debug|Any CPU
		{2E007ABB-0961-4406-B2CB-A33DF7402E23}.Debug|Any CPU.Build.0 = Debug|Any CPU
		{2E007ABB-0961-4406-B2CB-A33DF7402E23}.Release|Any CPU.ActiveCfg = Release|Any CPU
		{2E007ABB-0961-4406-B2CB-A33DF7402E23}.Release|Any CPU.Build.0 = Release|Any CPU
		{CCE8F0EE-08EF-4869-8728-20FB33E87BA1}.Debug|Any CPU.ActiveCfg = Debug|Any CPU
		{CCE8F0EE-08EF-4869-8728-20FB33E87BA1}.Debug|Any CPU.Build.0 = Debug|Any CPU
		{CCE8F0EE-08EF-4869-8728-20FB33E87BA1}.Release|Any CPU.ActiveCfg = Release|Any CPU
		{CCE8F0EE-08EF-4869-8728-20FB33E87BA1}.Release|Any CPU.Build.0 = Release|Any CPU
		{04ADDD2F-3BDF-4658-9DD9-02DF44E63FC5}.Debug|Any CPU.ActiveCfg = Debug|Any CPU
		{04ADDD2F-3BDF-4658-9DD9-02DF44E63FC5}.Debug|Any CPU.Build.0 = Debug|Any CPU
		{04ADDD2F-3BDF-4658-9DD9-02DF44E63FC5}.Release|Any CPU.ActiveCfg = Release|Any CPU
		{04ADDD2F-3BDF-4658-9DD9-02DF44E63FC5}.Release|Any CPU.Build.0 = Release|Any CPU
	EndGlobalSection
	GlobalSection(SolutionProperties) = preSolution
		HideSolutionNode = FALSE
	EndGlobalSection
	GlobalSection(NestedProjects) = preSolution
		{E8230804-B30B-4DDD-86AB-1F7B32E39A0B} = {02EA681E-C7D8-13C7-8484-4AC65E1B71E8}
		{7CCE89EF-81A9-4714-BC17-95D85FB8BFF6} = {02EA681E-C7D8-13C7-8484-4AC65E1B71E8}
		{65DB05F3-67E4-4945-BA9A-4C7342FBA773} = {02EA681E-C7D8-13C7-8484-4AC65E1B71E8}
		{E481AE74-828F-453E-9F25-A68F97714FB3} = {048817A3-F8DB-4E7A-8530-76320A53799A}
		{7FB77D23-7FF7-43F8-8859-6F5201CDCF75} = {048817A3-F8DB-4E7A-8530-76320A53799A}
		{47E19A0D-D1B7-40FB-A523-162C7FE4647A} = {048817A3-F8DB-4E7A-8530-76320A53799A}
		{02D89441-972D-4C12-9CD7-BBE13FBA0DBB} = {1F6F9E8D-A968-41A1-90C1-7D0F73AF14F0}
		{A8867747-274B-40FF-AC67-B82F398442AA} = {1F6F9E8D-A968-41A1-90C1-7D0F73AF14F0}
		{019F1B97-7437-4572-B3C1-B1592CEAB65A} = {1F6F9E8D-A968-41A1-90C1-7D0F73AF14F0}
		{316078BE-4405-4B13-8760-4CBE6052EB98} = {C44CC9EE-7DE0-4A3C-9FD0-E41DE88380A8}
		{E3456518-387C-4DCC-8264-214E5904C3E9} = {C44CC9EE-7DE0-4A3C-9FD0-E41DE88380A8}
		{B55A7E38-697C-4E00-94B8-8E7DB5DB371B} = {C44CC9EE-7DE0-4A3C-9FD0-E41DE88380A8}
		{0E155B08-C592-4DEA-A689-D90D8EC450E8} = {E216B33E-5297-46AF-9F1A-8A90EAD52D4B}
		{36C83832-AFFA-4715-B930-D39AAC136C00} = {E216B33E-5297-46AF-9F1A-8A90EAD52D4B}
		{0A69FE61-DCEB-4E09-AA5B-75BBD0DE2B9F} = {E216B33E-5297-46AF-9F1A-8A90EAD52D4B}
		{2E007ABB-0961-4406-B2CB-A33DF7402E23} = {312E2DD2-5EB4-4FAE-AAA5-26C1BC749FD7}
		{CCE8F0EE-08EF-4869-8728-20FB33E87BA1} = {312E2DD2-5EB4-4FAE-AAA5-26C1BC749FD7}
		{04ADDD2F-3BDF-4658-9DD9-02DF44E63FC5} = {312E2DD2-5EB4-4FAE-AAA5-26C1BC749FD7}
	EndGlobalSection
	GlobalSection(ExtensibilityGlobals) = postSolution
		SolutionGuid = {6AAD8F39-D0C9-4C1F-B52B-C5F38CA4F184}
	EndGlobalSection
EndGlobal
